
Microsoft Visual Studio Solution File, Format Version 12.00
# Visual Studio Version 17
VisualStudioVersion = 17.7.34031.279
MinimumVisualStudioVersion = 10.0.40219.1
Project("{FAE04EC0-301F-11D3-BF4B-00C04F79EFBC}") = "Arcanoid", "Arcanoid\Arcanoid.csproj", "{73F2659C-5F72-46DA-8F37-4E1C8B24EC58}"
EndProject
Project("{FAE04EC0-301F-11D3-BF4B-00C04F79EFBC}") = "GameEngine", "GameEngine\GameEngine.csproj", "{3A9A38E1-1728-4C5A-8A42-9F5C3B5E4656}"
EndProject
Project("{FAE04EC0-301F-11D3-BF4B-00C04F79EFBC}") = "DatabaseProject", "DatabaseProject\DatabaseProject.csproj", "{CB9DEEBF-2D12-43F2-93BF-CE5E6E54B7D9}"
EndProject
Global
	GlobalSection(SolutionConfigurationPlatforms) = preSolution
		Debug|Any CPU = Debug|Any CPU
		Debug|ARM = Debug|ARM
		Debug|ARM64 = Debug|ARM64
		Debug|x64 = Debug|x64
		Debug|x86 = Debug|x86
		Release|Any CPU = Release|Any CPU
		Release|ARM = Release|ARM
		Release|ARM64 = Release|ARM64
		Release|x64 = Release|x64
		Release|x86 = Release|x86
	EndGlobalSection
	GlobalSection(ProjectConfigurationPlatforms) = postSolution
		{73F2659C-5F72-46DA-8F37-4E1C8B24EC58}.Debug|Any CPU.ActiveCfg = Debug|x64
		{73F2659C-5F72-46DA-8F37-4E1C8B24EC58}.Debug|Any CPU.Build.0 = Debug|x64
		{73F2659C-5F72-46DA-8F37-4E1C8B24EC58}.Debug|Any CPU.Deploy.0 = Debug|x64
		{73F2659C-5F72-46DA-8F37-4E1C8B24EC58}.Debug|ARM.ActiveCfg = Debug|ARM
		{73F2659C-5F72-46DA-8F37-4E1C8B24EC58}.Debug|ARM.Build.0 = Debug|ARM
		{73F2659C-5F72-46DA-8F37-4E1C8B24EC58}.Debug|ARM.Deploy.0 = Debug|ARM
		{73F2659C-5F72-46DA-8F37-4E1C8B24EC58}.Debug|ARM64.ActiveCfg = Debug|ARM64
		{73F2659C-5F72-46DA-8F37-4E1C8B24EC58}.Debug|ARM64.Build.0 = Debug|ARM64
		{73F2659C-5F72-46DA-8F37-4E1C8B24EC58}.Debug|ARM64.Deploy.0 = Debug|ARM64
		{73F2659C-5F72-46DA-8F37-4E1C8B24EC58}.Debug|x64.ActiveCfg = Debug|x64
		{73F2659C-5F72-46DA-8F37-4E1C8B24EC58}.Debug|x64.Build.0 = Debug|x64
		{73F2659C-5F72-46DA-8F37-4E1C8B24EC58}.Debug|x64.Deploy.0 = Debug|x64
		{73F2659C-5F72-46DA-8F37-4E1C8B24EC58}.Debug|x86.ActiveCfg = Debug|x86
		{73F2659C-5F72-46DA-8F37-4E1C8B24EC58}.Debug|x86.Build.0 = Debug|x86
		{73F2659C-5F72-46DA-8F37-4E1C8B24EC58}.Debug|x86.Deploy.0 = Debug|x86
		{73F2659C-5F72-46DA-8F37-4E1C8B24EC58}.Release|Any CPU.ActiveCfg = Release|x64
		{73F2659C-5F72-46DA-8F37-4E1C8B24EC58}.Release|Any CPU.Build.0 = Release|x64
		{73F2659C-5F72-46DA-8F37-4E1C8B24EC58}.Release|Any CPU.Deploy.0 = Release|x64
		{73F2659C-5F72-46DA-8F37-4E1C8B24EC58}.Release|ARM.ActiveCfg = Release|ARM
		{73F2659C-5F72-46DA-8F37-4E1C8B24EC58}.Release|ARM.Build.0 = Release|ARM
		{73F2659C-5F72-46DA-8F37-4E1C8B24EC58}.Release|ARM.Deploy.0 = Release|ARM
		{73F2659C-5F72-46DA-8F37-4E1C8B24EC58}.Release|ARM64.ActiveCfg = Release|ARM64
		{73F2659C-5F72-46DA-8F37-4E1C8B24EC58}.Release|ARM64.Build.0 = Release|ARM64
		{73F2659C-5F72-46DA-8F37-4E1C8B24EC58}.Release|ARM64.Deploy.0 = Release|ARM64
		{73F2659C-5F72-46DA-8F37-4E1C8B24EC58}.Release|x64.ActiveCfg = Release|x64
		{73F2659C-5F72-46DA-8F37-4E1C8B24EC58}.Release|x64.Build.0 = Release|x64
		{73F2659C-5F72-46DA-8F37-4E1C8B24EC58}.Release|x64.Deploy.0 = Release|x64
		{73F2659C-5F72-46DA-8F37-4E1C8B24EC58}.Release|x86.ActiveCfg = Release|x86
		{73F2659C-5F72-46DA-8F37-4E1C8B24EC58}.Release|x86.Build.0 = Release|x86
		{73F2659C-5F72-46DA-8F37-4E1C8B24EC58}.Release|x86.Deploy.0 = Release|x86
		{3A9A38E1-1728-4C5A-8A42-9F5C3B5E4656}.Debug|Any CPU.ActiveCfg = Debug|Any CPU
		{3A9A38E1-1728-4C5A-8A42-9F5C3B5E4656}.Debug|Any CPU.Build.0 = Debug|Any CPU
		{3A9A38E1-1728-4C5A-8A42-9F5C3B5E4656}.Debug|ARM.ActiveCfg = Debug|ARM
		{3A9A38E1-1728-4C5A-8A42-9F5C3B5E4656}.Debug|ARM.Build.0 = Debug|ARM
		{3A9A38E1-1728-4C5A-8A42-9F5C3B5E4656}.Debug|ARM64.ActiveCfg = Debug|ARM64
		{3A9A38E1-1728-4C5A-8A42-9F5C3B5E4656}.Debug|ARM64.Build.0 = Debug|ARM64
		{3A9A38E1-1728-4C5A-8A42-9F5C3B5E4656}.Debug|x64.ActiveCfg = Debug|x64
		{3A9A38E1-1728-4C5A-8A42-9F5C3B5E4656}.Debug|x64.Build.0 = Debug|x64
		{3A9A38E1-1728-4C5A-8A42-9F5C3B5E4656}.Debug|x86.ActiveCfg = Debug|x86
		{3A9A38E1-1728-4C5A-8A42-9F5C3B5E4656}.Debug|x86.Build.0 = Debug|x86
		{3A9A38E1-1728-4C5A-8A42-9F5C3B5E4656}.Release|Any CPU.ActiveCfg = Release|Any CPU
		{3A9A38E1-1728-4C5A-8A42-9F5C3B5E4656}.Release|Any CPU.Build.0 = Release|Any CPU
		{3A9A38E1-1728-4C5A-8A42-9F5C3B5E4656}.Release|ARM.ActiveCfg = Release|ARM
		{3A9A38E1-1728-4C5A-8A42-9F5C3B5E4656}.Release|ARM.Build.0 = Release|ARM
		{3A9A38E1-1728-4C5A-8A42-9F5C3B5E4656}.Release|ARM64.ActiveCfg = Release|ARM64
		{3A9A38E1-1728-4C5A-8A42-9F5C3B5E4656}.Release|ARM64.Build.0 = Release|ARM64
		{3A9A38E1-1728-4C5A-8A42-9F5C3B5E4656}.Release|x64.ActiveCfg = Release|x64
		{3A9A38E1-1728-4C5A-8A42-9F5C3B5E4656}.Release|x64.Build.0 = Release|x64
		{3A9A38E1-1728-4C5A-8A42-9F5C3B5E4656}.Release|x86.ActiveCfg = Release|x86
		{3A9A38E1-1728-4C5A-8A42-9F5C3B5E4656}.Release|x86.Build.0 = Release|x86
		{CB9DEEBF-2D12-43F2-93BF-CE5E6E54B7D9}.Debug|Any CPU.ActiveCfg = Debug|Any CPU
		{CB9DEEBF-2D12-43F2-93BF-CE5E6E54B7D9}.Debug|Any CPU.Build.0 = Debug|Any CPU
		{CB9DEEBF-2D12-43F2-93BF-CE5E6E54B7D9}.Debug|ARM.ActiveCfg = Debug|ARM
		{CB9DEEBF-2D12-43F2-93BF-CE5E6E54B7D9}.Debug|ARM.Build.0 = Debug|ARM
		{CB9DEEBF-2D12-43F2-93BF-CE5E6E54B7D9}.Debug|ARM64.ActiveCfg = Debug|ARM64
		{CB9DEEBF-2D12-43F2-93BF-CE5E6E54B7D9}.Debug|ARM64.Build.0 = Debug|ARM64
		{CB9DEEBF-2D12-43F2-93BF-CE5E6E54B7D9}.Debug|x64.ActiveCfg = Debug|x64
		{CB9DEEBF-2D12-43F2-93BF-CE5E6E54B7D9}.Debug|x64.Build.0 = Debug|x64
		{CB9DEEBF-2D12-43F2-93BF-CE5E6E54B7D9}.Debug|x86.ActiveCfg = Debug|x86
		{CB9DEEBF-2D12-43F2-93BF-CE5E6E54B7D9}.Debug|x86.Build.0 = Debug|x86
		{CB9DEEBF-2D12-43F2-93BF-CE5E6E54B7D9}.Release|Any CPU.ActiveCfg = Release|Any CPU
		{CB9DEEBF-2D12-43F2-93BF-CE5E6E54B7D9}.Release|Any CPU.Build.0 = Release|Any CPU
		{CB9DEEBF-2D12-43F2-93BF-CE5E6E54B7D9}.Release|ARM.ActiveCfg = Release|ARM
		{CB9DEEBF-2D12-43F2-93BF-CE5E6E54B7D9}.Release|ARM.Build.0 = Release|ARM
		{CB9DEEBF-2D12-43F2-93BF-CE5E6E54B7D9}.Release|ARM64.ActiveCfg = Release|ARM64
		{CB9DEEBF-2D12-43F2-93BF-CE5E6E54B7D9}.Release|ARM64.Build.0 = Release|ARM64
		{CB9DEEBF-2D12-43F2-93BF-CE5E6E54B7D9}.Release|x64.ActiveCfg = Release|x64
		{CB9DEEBF-2D12-43F2-93BF-CE5E6E54B7D9}.Release|x64.Build.0 = Release|x64
		{CB9DEEBF-2D12-43F2-93BF-CE5E6E54B7D9}.Release|x86.ActiveCfg = Release|x86
		{CB9DEEBF-2D12-43F2-93BF-CE5E6E54B7D9}.Release|x86.Build.0 = Release|x86
	EndGlobalSection
	GlobalSection(SolutionProperties) = preSolution
		HideSolutionNode = FALSE
	EndGlobalSection
	GlobalSection(ExtensibilityGlobals) = postSolution
		SolutionGuid = {B64ACF44-5CB5-4920-8C3C-6F337B5B0078}
	EndGlobalSection
EndGlobal
